
Microsoft Visual Studio Solution File, Format Version 12.00
# Visual Studio 15
VisualStudioVersion = 15.0.26430.15
MinimumVisualStudioVersion = 10.0.40219.1
Project("{FAE04EC0-301F-11D3-BF4B-00C04F79EFBC}") = "Naxam.RangeSlideView.Droid", "Naxam.RangeSlideView.Droid\Naxam.RangeSlideView.Droid.csproj", "{8D26448D-E9AE-4D81-A27F-48C616E7BBE6}"
EndProject
Project("{FAE04EC0-301F-11D3-BF4B-00C04F79EFBC}") = "RangeSliderViewQs", "RangeSliderViewQs\RangeSliderViewQs.csproj", "{6BE91B9E-7F69-4B16-8D3D-5702064D0EBE}"
EndProject
Global
	GlobalSection(SolutionConfigurationPlatforms) = preSolution
		Debug|Any CPU = Debug|Any CPU
		Release|Any CPU = Release|Any CPU
	EndGlobalSection
	GlobalSection(ProjectConfigurationPlatforms) = postSolution
		{8D26448D-E9AE-4D81-A27F-48C616E7BBE6}.Debug|Any CPU.ActiveCfg = Debug|Any CPU
		{8D26448D-E9AE-4D81-A27F-48C616E7BBE6}.Debug|Any CPU.Build.0 = Debug|Any CPU
		{8D26448D-E9AE-4D81-A27F-48C616E7BBE6}.Release|Any CPU.ActiveCfg = Release|Any CPU
		{8D26448D-E9AE-4D81-A27F-48C616E7BBE6}.Release|Any CPU.Build.0 = Release|Any CPU
		{6BE91B9E-7F69-4B16-8D3D-5702064D0EBE}.Debug|Any CPU.ActiveCfg = Debug|Any CPU
		{6BE91B9E-7F69-4B16-8D3D-5702064D0EBE}.Debug|Any CPU.Build.0 = Debug|Any CPU
		{6BE91B9E-7F69-4B16-8D3D-5702064D0EBE}.Debug|Any CPU.Deploy.0 = Debug|Any CPU
		{6BE91B9E-7F69-4B16-8D3D-5702064D0EBE}.Release|Any CPU.ActiveCfg = Release|Any CPU
		{6BE91B9E-7F69-4B16-8D3D-5702064D0EBE}.Release|Any CPU.Build.0 = Release|Any CPU
		{6BE91B9E-7F69-4B16-8D3D-5702064D0EBE}.Release|Any CPU.Deploy.0 = Release|Any CPU
	EndGlobalSection
	GlobalSection(SolutionProperties) = preSolution
		HideSolutionNode = FALSE
	EndGlobalSection
EndGlobal
